// !$*UTF8*$!
{
	archiveVersion = 1;
	classes = {
	};
	objectVersion = 77;
	objects = {

/* Begin PBXBuildFile section */
		87673A631E35C97A002ECF15 /* AVFoundation.framework in Frameworks */ = {isa = PBXBuildFile; fileRef = 87673A621E35C97A002ECF15 /* AVFoundation.framework */; };
		87FF95021E355CDB0017DADB /* AVKit.framework in Frameworks */ = {isa = PBXBuildFile; fileRef = 87FF95011E355CDB0017DADB /* AVKit.framework */; };
		87FF95201E35B7CE0017DADB /* CPAppDelegate.swift in Sources */ = {isa = PBXBuildFile; fileRef = 87FF951F1E35B7CE0017DADB /* CPAppDelegate.swift */; };
		F435396A2D1B1B86002188A0 /* CPSettingsManager.swift in Sources */ = {isa = PBXBuildFile; fileRef = F43539692D1B1B85002188A0 /* CPSettingsManager.swift */; };
		F435396B2D1B1B86002188A1 /* CPCaptureManager.swift in Sources */ = {isa = PBXBuildFile; fileRef = F435396C2D1B1B85002188A1 /* CPCaptureManager.swift */; };
		F435396D2D1B1B86002188A2 /* CPAudioManager.swift in Sources */ = {isa = PBXBuildFile; fileRef = F435396E2D1B1B85002188A2 /* CPAudioManager.swift */; };
		F435396F2D1B1B86002188A3 /* CPWindowManager.swift in Sources */ = {isa = PBXBuildFile; fileRef = F43539702D1B1B85002188A3 /* CPWindowManager.swift */; };
		F43539712D1B1B86002188A4 /* CPCaptureFileManager.swift in Sources */ = {isa = PBXBuildFile; fileRef = F43539722D1B1B85002188A4 /* CPCaptureFileManager.swift */; };
		F43539732D1B1B86002188A5 /* CPNotificationManager.swift in Sources */ = {isa = PBXBuildFile; fileRef = F43539742D1B1B85002188A5 /* CPNotificationManager.swift */; };
		F43539752D1B1B86002188A6 /* CPDisplaySleepManager.swift in Sources */ = {isa = PBXBuildFile; fileRef = F43539762D1B1B85002188A6 /* CPDisplaySleepManager.swift */; };
		F43539772D1B1B86002188A7 /* CPPreferencesController.swift in Sources */ = {isa = PBXBuildFile; fileRef = F43539782D1B1B85002188A7 /* CPPreferencesController.swift */; };
		F43539792D1B1B8A002188A8 /* CPHelpViewerController.swift in Sources */ = {isa = PBXBuildFile; fileRef = F435397A2D1B1B8B002188A8 /* CPHelpViewerController.swift */; };
		F435397B2D1B1B8C002188A9 /* CPColorCorrectionController.swift in Sources */ = {isa = PBXBuildFile; fileRef = F435397C2D1B1B8D002188A9 /* CPColorCorrectionController.swift */; };
		F4CBD39716B8CE5F003A4794 /* Cocoa.framework in Frameworks */ = {isa = PBXBuildFile; fileRef = F4CBD39616B8CE5F003A4794 /* Cocoa.framework */; };
		F4CBD3AD16B8CE5F003A4794 /* MainMenu.xib in Resources */ = {isa = PBXBuildFile; fileRef = F4CBD3AB16B8CE5F003A4794 /* MainMenu.xib */; };
		F5C5C8E72EDE0BBD00AA6F80 /* XCTest.framework in Frameworks */ = {isa = PBXBuildFile; fileRef = F5C5C8E62EDE0BBD00AA6F80 /* XCTest.framework */; };
		F5C5C8E82EDE0BCA00AA6F80 /* AVFoundation.framework in Frameworks */ = {isa = PBXBuildFile; fileRef = 87673A621E35C97A002ECF15 /* AVFoundation.framework */; };
		F5C5C8E92EDE0BD600AA6F80 /* AppKit.framework in Frameworks */ = {isa = PBXBuildFile; fileRef = F4CBD39916B8CE5F003A4794 /* AppKit.framework */; };
		F5C5C8EA2EDE0BDF00AA6F80 /* Foundation.framework in Frameworks */ = {isa = PBXBuildFile; fileRef = F4CBD39B16B8CE5F003A4794 /* Foundation.framework */; };
		F5F6AC9F2ECD77FF0019412B /* Assets.xcassets in Resources */ = {isa = PBXBuildFile; fileRef = F5F6AC9E2ECD77FF0019412B /* Assets.xcassets */; };
		F952D6E324E15A6200EA786D /* CPUsbWatcher.swift in Sources */ = {isa = PBXBuildFile; fileRef = F952D6E224E15A6200EA786D /* CPUsbWatcher.swift */; };
/* End PBXBuildFile section */

/* Begin PBXContainerItemProxy section */
		F5C5C8D42EDE0ACB00AA6F80 /* PBXContainerItemProxy */ = {
			isa = PBXContainerItemProxy;
			containerPortal = F4CBD38B16B8CE5F003A4794 /* Project object */;
			proxyType = 1;
			remoteGlobalIDString = F4CBD39216B8CE5F003A4794;
			remoteInfo = CapturePlay;
		};
/* End PBXContainerItemProxy section */

/* Begin PBXFileReference section */
		87673A621E35C97A002ECF15 /* AVFoundation.framework */ = {isa = PBXFileReference; lastKnownFileType = wrapper.framework; name = AVFoundation.framework; path = System/Library/Frameworks/AVFoundation.framework; sourceTree = SDKROOT; };
		87FF95011E355CDB0017DADB /* AVKit.framework */ = {isa = PBXFileReference; lastKnownFileType = wrapper.framework; name = AVKit.framework; path = System/Library/Frameworks/AVKit.framework; sourceTree = SDKROOT; };
		87FF951F1E35B7CE0017DADB /* CPAppDelegate.swift */ = {isa = PBXFileReference; fileEncoding = 4; lastKnownFileType = sourcecode.swift; path = CPAppDelegate.swift; sourceTree = "<group>"; };
		87FF95211E35BA3B0017DADB /* CapturePlay-Info.plist */ = {isa = PBXFileReference; fileEncoding = 4; lastKnownFileType = text.plist.xml; path = "CapturePlay-Info.plist"; sourceTree = "<group>"; };
		F40A9A182AB7BC630082BBC6 /* Base */ = {isa = PBXFileReference; lastKnownFileType = file.xib; name = Base; path = Base.lproj/MainMenu.xib; sourceTree = "<group>"; };
		F43539692D1B1B85002188A0 /* CPSettingsManager.swift */ = {isa = PBXFileReference; lastKnownFileType = sourcecode.swift; path = CPSettingsManager.swift; sourceTree = "<group>"; };
		F435396C2D1B1B85002188A1 /* CPCaptureManager.swift */ = {isa = PBXFileReference; lastKnownFileType = sourcecode.swift; path = CPCaptureManager.swift; sourceTree = "<group>"; };
		F435396E2D1B1B85002188A2 /* CPAudioManager.swift */ = {isa = PBXFileReference; lastKnownFileType = sourcecode.swift; path = CPAudioManager.swift; sourceTree = "<group>"; };
		F43539702D1B1B85002188A3 /* CPWindowManager.swift */ = {isa = PBXFileReference; lastKnownFileType = sourcecode.swift; path = CPWindowManager.swift; sourceTree = "<group>"; };
		F43539722D1B1B85002188A4 /* CPCaptureFileManager.swift */ = {isa = PBXFileReference; lastKnownFileType = sourcecode.swift; path = CPCaptureFileManager.swift; sourceTree = "<group>"; };
		F43539742D1B1B85002188A5 /* CPNotificationManager.swift */ = {isa = PBXFileReference; lastKnownFileType = sourcecode.swift; path = CPNotificationManager.swift; sourceTree = "<group>"; };
		F43539762D1B1B85002188A6 /* CPDisplaySleepManager.swift */ = {isa = PBXFileReference; lastKnownFileType = sourcecode.swift; path = CPDisplaySleepManager.swift; sourceTree = "<group>"; };
		F43539782D1B1B85002188A7 /* CPPreferencesController.swift */ = {isa = PBXFileReference; lastKnownFileType = sourcecode.swift; path = CPPreferencesController.swift; sourceTree = "<group>"; };
		F435397A2D1B1B8B002188A8 /* CPHelpViewerController.swift */ = {isa = PBXFileReference; lastKnownFileType = sourcecode.swift; path = CPHelpViewerController.swift; sourceTree = "<group>"; };
		F435397C2D1B1B8D002188A9 /* CPColorCorrectionController.swift */ = {isa = PBXFileReference; lastKnownFileType = sourcecode.swift; path = CPColorCorrectionController.swift; sourceTree = "<group>"; };
		F43D252C16BB703100CBC272 /* CapturePlay.entitlements */ = {isa = PBXFileReference; lastKnownFileType = text.plist.entitlements; path = CapturePlay.entitlements; sourceTree = "<group>"; };
		F4CBD39316B8CE5F003A4794 /* CapturePlay.app */ = {isa = PBXFileReference; explicitFileType = wrapper.application; includeInIndex = 0; path = CapturePlay.app; sourceTree = BUILT_PRODUCTS_DIR; };
		F4CBD39616B8CE5F003A4794 /* Cocoa.framework */ = {isa = PBXFileReference; lastKnownFileType = wrapper.framework; name = Cocoa.framework; path = System/Library/Frameworks/Cocoa.framework; sourceTree = SDKROOT; };
		F4CBD39916B8CE5F003A4794 /* AppKit.framework */ = {isa = PBXFileReference; lastKnownFileType = wrapper.framework; name = AppKit.framework; path = System/Library/Frameworks/AppKit.framework; sourceTree = SDKROOT; };
		F4CBD39A16B8CE5F003A4794 /* CoreData.framework */ = {isa = PBXFileReference; lastKnownFileType = wrapper.framework; name = CoreData.framework; path = System/Library/Frameworks/CoreData.framework; sourceTree = SDKROOT; };
		F4CBD39B16B8CE5F003A4794 /* Foundation.framework */ = {isa = PBXFileReference; lastKnownFileType = wrapper.framework; name = Foundation.framework; path = System/Library/Frameworks/Foundation.framework; sourceTree = SDKROOT; };
		F508C9F62EC67FD300B65399 /* README.md */ = {isa = PBXFileReference; lastKnownFileType = net.daringfireball.markdown; path = README.md; sourceTree = "<group>"; };
		F594165B2EC9209E0053EC09 /* MANUAL.md */ = {isa = PBXFileReference; lastKnownFileType = net.daringfireball.markdown; path = MANUAL.md; sourceTree = "<group>"; };
		F5C5C8D02EDE0ACB00AA6F80 /* CapturePlayTests.xctest */ = {isa = PBXFileReference; explicitFileType = wrapper.cfbundle; includeInIndex = 0; path = CapturePlayTests.xctest; sourceTree = BUILT_PRODUCTS_DIR; };
		F5C5C8E62EDE0BBD00AA6F80 /* XCTest.framework */ = {isa = PBXFileReference; lastKnownFileType = wrapper.framework; name = XCTest.framework; path = Platforms/MacOSX.platform/Developer/Library/Frameworks/XCTest.framework; sourceTree = DEVELOPER_DIR; };
		F5EAF9A92ED230C0001724E5 /* Release Notes.md */ = {isa = PBXFileReference; lastKnownFileType = net.daringfireball.markdown; path = "Release Notes.md"; sourceTree = "<group>"; };
		F5F6AC9E2ECD77FF0019412B /* Assets.xcassets */ = {isa = PBXFileReference; lastKnownFileType = folder.assetcatalog; name = Assets.xcassets; path = captureplay/Assets.xcassets; sourceTree = "<group>"; };
		F952D6E224E15A6200EA786D /* CPUsbWatcher.swift */ = {isa = PBXFileReference; lastKnownFileType = sourcecode.swift; path = CPUsbWatcher.swift; sourceTree = "<group>"; };
/* End PBXFileReference section */

/* Begin PBXFileSystemSynchronizedRootGroup section */
		F594164C2EC918E60053EC09 /* Resources */ = {
			isa = PBXFileSystemSynchronizedRootGroup;
			path = Resources;
			sourceTree = "<group>";
		};
		F5C5C8D12EDE0ACB00AA6F80 /* CapturePlayTests */ = {
			isa = PBXFileSystemSynchronizedRootGroup;
			path = CapturePlayTests;
			sourceTree = "<group>";
		};
/* End PBXFileSystemSynchronizedRootGroup section */

/* Begin PBXFrameworksBuildPhase section */
		F4CBD39016B8CE5F003A4794 /* Frameworks */ = {
			isa = PBXFrameworksBuildPhase;
			buildActionMask = 2147483647;
			files = (
				87673A631E35C97A002ECF15 /* AVFoundation.framework in Frameworks */,
				87FF95021E355CDB0017DADB /* AVKit.framework in Frameworks */,
				F4CBD39716B8CE5F003A4794 /* Cocoa.framework in Frameworks */,
			);
			runOnlyForDeploymentPostprocessing = 0;
		};
		F5C5C8CD2EDE0ACB00AA6F80 /* Frameworks */ = {
			isa = PBXFrameworksBuildPhase;
			buildActionMask = 2147483647;
			files = (
				F5C5C8EA2EDE0BDF00AA6F80 /* Foundation.framework in Frameworks */,
				F5C5C8E92EDE0BD600AA6F80 /* AppKit.framework in Frameworks */,
				F5C5C8E82EDE0BCA00AA6F80 /* AVFoundation.framework in Frameworks */,
				F5C5C8E72EDE0BBD00AA6F80 /* XCTest.framework in Frameworks */,
			);
			runOnlyForDeploymentPostprocessing = 0;
		};
/* End PBXFrameworksBuildPhase section */

/* Begin PBXGroup section */
		F4CBD38A16B8CE5F003A4794 = {
			isa = PBXGroup;
			children = (
				F5F6AC9E2ECD77FF0019412B /* Assets.xcassets */,
				F4CBD39C16B8CE5F003A4794 /* captureplay */,
				F5C5C8D12EDE0ACB00AA6F80 /* CapturePlayTests */,
				F4CBD39516B8CE5F003A4794 /* Frameworks */,
				F5EAF9A92ED230C0001724E5 /* Release Notes.md */,
				F508C9F62EC67FD300B65399 /* README.md */,
				F594165B2EC9209E0053EC09 /* MANUAL.md */,
				F594164C2EC918E60053EC09 /* Resources */,
				F4CBD39416B8CE5F003A4794 /* Products */,
			);
			sourceTree = "<group>";
		};
		F4CBD39416B8CE5F003A4794 /* Products */ = {
			isa = PBXGroup;
			children = (
				F4CBD39316B8CE5F003A4794 /* CapturePlay.app */,
				F5C5C8D02EDE0ACB00AA6F80 /* CapturePlayTests.xctest */,
			);
			name = Products;
			sourceTree = "<group>";
		};
		F4CBD39516B8CE5F003A4794 /* Frameworks */ = {
			isa = PBXGroup;
			children = (
				F5C5C8E62EDE0BBD00AA6F80 /* XCTest.framework */,
				87673A621E35C97A002ECF15 /* AVFoundation.framework */,
				87FF95011E355CDB0017DADB /* AVKit.framework */,
				F4CBD39616B8CE5F003A4794 /* Cocoa.framework */,
				F4CBD39816B8CE5F003A4794 /* Other Frameworks */,
			);
			name = Frameworks;
			sourceTree = "<group>";
		};
		F4CBD39816B8CE5F003A4794 /* Other Frameworks */ = {
			isa = PBXGroup;
			children = (
				F4CBD39916B8CE5F003A4794 /* AppKit.framework */,
				F4CBD39A16B8CE5F003A4794 /* CoreData.framework */,
				F4CBD39B16B8CE5F003A4794 /* Foundation.framework */,
			);
			name = "Other Frameworks";
			sourceTree = "<group>";
		};
		F4CBD39C16B8CE5F003A4794 /* captureplay */ = {
			isa = PBXGroup;
			children = (
				87FF95211E35BA3B0017DADB /* CapturePlay-Info.plist */,
				87FF951F1E35B7CE0017DADB /* CPAppDelegate.swift */,
				F43D252C16BB703100CBC272 /* CapturePlay.entitlements */,
				F4CBD3AB16B8CE5F003A4794 /* MainMenu.xib */,
				F43539692D1B1B85002188A0 /* CPSettingsManager.swift */,
				F435396C2D1B1B85002188A1 /* CPCaptureManager.swift */,
				F435396E2D1B1B85002188A2 /* CPAudioManager.swift */,
				F43539702D1B1B85002188A3 /* CPWindowManager.swift */,
				F43539722D1B1B85002188A4 /* CPCaptureFileManager.swift */,
				F43539742D1B1B85002188A5 /* CPNotificationManager.swift */,
				F43539762D1B1B85002188A6 /* CPDisplaySleepManager.swift */,
				F43539782D1B1B85002188A7 /* CPPreferencesController.swift */,
				F435397A2D1B1B8B002188A8 /* CPHelpViewerController.swift */,
				F435397C2D1B1B8D002188A9 /* CPColorCorrectionController.swift */,
				F952D6E224E15A6200EA786D /* CPUsbWatcher.swift */,
			);
			path = captureplay;
			sourceTree = "<group>";
		};
/* End PBXGroup section */

/* Begin PBXNativeTarget section */
		F4CBD39216B8CE5F003A4794 /* CapturePlay */ = {
			isa = PBXNativeTarget;
			buildConfigurationList = F4CBD3B016B8CE5F003A4794 /* Build configuration list for PBXNativeTarget "CapturePlay" */;
			buildPhases = (
				F4CBD38F16B8CE5F003A4794 /* Sources */,
				F4CBD39016B8CE5F003A4794 /* Frameworks */,
				F4CBD39116B8CE5F003A4794 /* Resources */,
			);
			buildRules = (
			);
			dependencies = (
			);
			fileSystemSynchronizedGroups = (
				F594164C2EC918E60053EC09 /* Resources */,
			);
			name = CapturePlay;
			packageProductDependencies = (
			);
			productName = CapturePlay;
			productReference = F4CBD39316B8CE5F003A4794 /* CapturePlay.app */;
			productType = "com.apple.product-type.application";
		};
		F5C5C8CF2EDE0ACB00AA6F80 /* CapturePlayTests */ = {
			isa = PBXNativeTarget;
			buildConfigurationList = F5C5C8D82EDE0ACB00AA6F80 /* Build configuration list for PBXNativeTarget "CapturePlayTests" */;
			buildPhases = (
				F5C5C8CC2EDE0ACB00AA6F80 /* Sources */,
				F5C5C8CD2EDE0ACB00AA6F80 /* Frameworks */,
				F5C5C8CE2EDE0ACB00AA6F80 /* Resources */,
			);
			buildRules = (
			);
			dependencies = (
				F5C5C8D52EDE0ACB00AA6F80 /* PBXTargetDependency */,
			);
			fileSystemSynchronizedGroups = (
				F5C5C8D12EDE0ACB00AA6F80 /* CapturePlayTests */,
			);
			name = CapturePlayTests;
			packageProductDependencies = (
			);
			productName = CapturePlayTests;
			productReference = F5C5C8D02EDE0ACB00AA6F80 /* CapturePlayTests.xctest */;
			productType = "com.apple.product-type.bundle.unit-test";
		};
/* End PBXNativeTarget section */

/* Begin PBXProject section */
		F4CBD38B16B8CE5F003A4794 /* Project object */ = {
			isa = PBXProject;
			attributes = {
				BuildIndependentTargetsInParallel = YES;
				CLASSPREFIX = WP;
				LastSwiftUpdateCheck = 2610;
				LastUpgradeCheck = 2610;
				ORGANIZATIONNAME = "Windholm Partners";
				TargetAttributes = {
					F4CBD39216B8CE5F003A4794 = {
						LastSwiftMigration = "";
					};
					F5C5C8CF2EDE0ACB00AA6F80 = {
						CreatedOnToolsVersion = 26.1.1;
						TestTargetID = F4CBD39216B8CE5F003A4794;
					};
				};
			};
			buildConfigurationList = F4CBD38E16B8CE5F003A4794 /* Build configuration list for PBXProject "CapturePlay" */;
			developmentRegion = en;
			hasScannedForEncodings = 0;
			knownRegions = (
				en,
				Base,
			);
			mainGroup = F4CBD38A16B8CE5F003A4794;
			preferredProjectObjectVersion = 77;
			productRefGroup = F4CBD39416B8CE5F003A4794 /* Products */;
			projectDirPath = "";
			projectRoot = "";
			targets = (
				F4CBD39216B8CE5F003A4794 /* CapturePlay */,
				F5C5C8CF2EDE0ACB00AA6F80 /* CapturePlayTests */,
			);
		};
/* End PBXProject section */

/* Begin PBXResourcesBuildPhase section */
		F4CBD39116B8CE5F003A4794 /* Resources */ = {
			isa = PBXResourcesBuildPhase;
			buildActionMask = 2147483647;
			files = (
				F4CBD3AD16B8CE5F003A4794 /* MainMenu.xib in Resources */,
				F5F6AC9F2ECD77FF0019412B /* Assets.xcassets in Resources */,
			);
			runOnlyForDeploymentPostprocessing = 0;
		};
		F5C5C8CE2EDE0ACB00AA6F80 /* Resources */ = {
			isa = PBXResourcesBuildPhase;
			buildActionMask = 2147483647;
			files = (
			);
			runOnlyForDeploymentPostprocessing = 0;
		};
/* End PBXResourcesBuildPhase section */

/* Begin PBXSourcesBuildPhase section */
		F4CBD38F16B8CE5F003A4794 /* Sources */ = {
			isa = PBXSourcesBuildPhase;
			buildActionMask = 2147483647;
			files = (
				87FF95201E35B7CE0017DADB /* CPAppDelegate.swift in Sources */,
				F952D6E324E15A6200EA786D /* CPUsbWatcher.swift in Sources */,
				F435396A2D1B1B86002188A0 /* CPSettingsManager.swift in Sources */,
				F435396B2D1B1B86002188A1 /* CPCaptureManager.swift in Sources */,
				F435396D2D1B1B86002188A2 /* CPAudioManager.swift in Sources */,
				F435396F2D1B1B86002188A3 /* CPWindowManager.swift in Sources */,
				F43539712D1B1B86002188A4 /* CPCaptureFileManager.swift in Sources */,
				F43539732D1B1B86002188A5 /* CPNotificationManager.swift in Sources */,
				F43539752D1B1B86002188A6 /* CPDisplaySleepManager.swift in Sources */,
				F43539772D1B1B86002188A7 /* CPPreferencesController.swift in Sources */,
				F43539792D1B1B8A002188A8 /* CPHelpViewerController.swift in Sources */,
				F435397B2D1B1B8C002188A9 /* CPColorCorrectionController.swift in Sources */,
			);
			runOnlyForDeploymentPostprocessing = 0;
		};
		F5C5C8CC2EDE0ACB00AA6F80 /* Sources */ = {
			isa = PBXSourcesBuildPhase;
			buildActionMask = 2147483647;
			files = (
			);
			runOnlyForDeploymentPostprocessing = 0;
		};
/* End PBXSourcesBuildPhase section */

/* Begin PBXTargetDependency section */
		F5C5C8D52EDE0ACB00AA6F80 /* PBXTargetDependency */ = {
			isa = PBXTargetDependency;
			target = F4CBD39216B8CE5F003A4794 /* CapturePlay */;
			targetProxy = F5C5C8D42EDE0ACB00AA6F80 /* PBXContainerItemProxy */;
		};
/* End PBXTargetDependency section */

/* Begin PBXVariantGroup section */
		F4CBD3AB16B8CE5F003A4794 /* MainMenu.xib */ = {
			isa = PBXVariantGroup;
			children = (
				F40A9A182AB7BC630082BBC6 /* Base */,
			);
			name = MainMenu.xib;
			sourceTree = "<group>";
		};
/* End PBXVariantGroup section */

/* Begin XCBuildConfiguration section */
		F4CBD3AE16B8CE5F003A4794 /* Debug */ = {
			isa = XCBuildConfiguration;
			buildSettings = {
				ALWAYS_SEARCH_USER_PATHS = NO;
				ASSETCATALOG_COMPILER_APPICON_NAME = AppIcon;
				ASSETCATALOG_COMPILER_INCLUDE_ALL_APPICON_ASSETS = YES;
				CLANG_ANALYZER_LOCALIZABILITY_NONLOCALIZED = YES;
				CLANG_CXX_LANGUAGE_STANDARD = "gnu++0x";
				CLANG_CXX_LIBRARY = "libc++";
				CLANG_ENABLE_OBJC_ARC = YES;
				CLANG_WARN_BLOCK_CAPTURE_AUTORELEASING = YES;
				CLANG_WARN_BOOL_CONVERSION = YES;
				CLANG_WARN_COMMA = YES;
				CLANG_WARN_CONSTANT_CONVERSION = YES;
				CLANG_WARN_DEPRECATED_OBJC_IMPLEMENTATIONS = YES;
				CLANG_WARN_EMPTY_BODY = YES;
				CLANG_WARN_ENUM_CONVERSION = YES;
				CLANG_WARN_INFINITE_RECURSION = YES;
				CLANG_WARN_INT_CONVERSION = YES;
				CLANG_WARN_NON_LITERAL_NULL_CONVERSION = YES;
				CLANG_WARN_OBJC_IMPLICIT_RETAIN_SELF = YES;
				CLANG_WARN_OBJC_LITERAL_CONVERSION = YES;
				CLANG_WARN_QUOTED_INCLUDE_IN_FRAMEWORK_HEADER = YES;
				CLANG_WARN_RANGE_LOOP_ANALYSIS = YES;
				CLANG_WARN_STRICT_PROTOTYPES = YES;
				CLANG_WARN_SUSPICIOUS_MOVE = YES;
				CLANG_WARN_UNREACHABLE_CODE = YES;
				CLANG_WARN__DUPLICATE_METHOD_MATCH = YES;
				COPY_PHASE_STRIP = NO;
				DEAD_CODE_STRIPPING = YES;
				DEVELOPMENT_TEAM = D6WY385Q4D;
				ENABLE_STRICT_OBJC_MSGSEND = YES;
				ENABLE_TESTABILITY = YES;
				ENABLE_USER_SCRIPT_SANDBOXING = YES;
				GCC_C_LANGUAGE_STANDARD = gnu99;
				GCC_DYNAMIC_NO_PIC = NO;
				GCC_ENABLE_OBJC_EXCEPTIONS = YES;
				GCC_NO_COMMON_BLOCKS = YES;
				GCC_OPTIMIZATION_LEVEL = 0;
				GCC_PREPROCESSOR_DEFINITIONS = (
					"DEBUG=1",
					"$(inherited)",
				);
				GCC_SYMBOLS_PRIVATE_EXTERN = NO;
				GCC_WARN_64_TO_32_BIT_CONVERSION = YES;
				GCC_WARN_ABOUT_RETURN_TYPE = YES;
				GCC_WARN_UNDECLARED_SELECTOR = YES;
				GCC_WARN_UNINITIALIZED_AUTOS = YES;
				GCC_WARN_UNUSED_FUNCTION = YES;
				GCC_WARN_UNUSED_VARIABLE = YES;
				MACOSX_DEPLOYMENT_TARGET = 12.4;
				ONLY_ACTIVE_ARCH = YES;
				SDKROOT = macosx;
				STRING_CATALOG_GENERATE_SYMBOLS = YES;
				SWIFT_SWIFT3_OBJC_INFERENCE = Default;
			};
			name = Debug;
		};
		F4CBD3AF16B8CE5F003A4794 /* Release */ = {
			isa = XCBuildConfiguration;
			buildSettings = {
				ALWAYS_SEARCH_USER_PATHS = NO;
				ASSETCATALOG_COMPILER_APPICON_NAME = AppIcon;
				ASSETCATALOG_COMPILER_INCLUDE_ALL_APPICON_ASSETS = YES;
				CLANG_ANALYZER_LOCALIZABILITY_NONLOCALIZED = YES;
				CLANG_CXX_LANGUAGE_STANDARD = "gnu++0x";
				CLANG_CXX_LIBRARY = "libc++";
				CLANG_ENABLE_OBJC_ARC = YES;
				CLANG_WARN_BLOCK_CAPTURE_AUTORELEASING = YES;
				CLANG_WARN_BOOL_CONVERSION = YES;
				CLANG_WARN_COMMA = YES;
				CLANG_WARN_CONSTANT_CONVERSION = YES;
				CLANG_WARN_DEPRECATED_OBJC_IMPLEMENTATIONS = YES;
				CLANG_WARN_EMPTY_BODY = YES;
				CLANG_WARN_ENUM_CONVERSION = YES;
				CLANG_WARN_INFINITE_RECURSION = YES;
				CLANG_WARN_INT_CONVERSION = YES;
				CLANG_WARN_NON_LITERAL_NULL_CONVERSION = YES;
				CLANG_WARN_OBJC_IMPLICIT_RETAIN_SELF = YES;
				CLANG_WARN_OBJC_LITERAL_CONVERSION = YES;
				CLANG_WARN_QUOTED_INCLUDE_IN_FRAMEWORK_HEADER = YES;
				CLANG_WARN_RANGE_LOOP_ANALYSIS = YES;
				CLANG_WARN_STRICT_PROTOTYPES = YES;
				CLANG_WARN_SUSPICIOUS_MOVE = YES;
				CLANG_WARN_UNREACHABLE_CODE = YES;
				CLANG_WARN__DUPLICATE_METHOD_MATCH = YES;
				COPY_PHASE_STRIP = YES;
				DEAD_CODE_STRIPPING = YES;
				DEBUG_INFORMATION_FORMAT = "dwarf-with-dsym";
				DEVELOPMENT_TEAM = D6WY385Q4D;
				ENABLE_STRICT_OBJC_MSGSEND = YES;
				ENABLE_USER_SCRIPT_SANDBOXING = YES;
				GCC_C_LANGUAGE_STANDARD = gnu99;
				GCC_ENABLE_OBJC_EXCEPTIONS = YES;
				GCC_NO_COMMON_BLOCKS = YES;
				GCC_WARN_64_TO_32_BIT_CONVERSION = YES;
				GCC_WARN_ABOUT_RETURN_TYPE = YES;
				GCC_WARN_UNDECLARED_SELECTOR = YES;
				GCC_WARN_UNINITIALIZED_AUTOS = YES;
				GCC_WARN_UNUSED_FUNCTION = YES;
				GCC_WARN_UNUSED_VARIABLE = YES;
				MACOSX_DEPLOYMENT_TARGET = 12.4;
				SDKROOT = macosx;
				STRING_CATALOG_GENERATE_SYMBOLS = YES;
				SWIFT_COMPILATION_MODE = wholemodule;
				SWIFT_SWIFT3_OBJC_INFERENCE = Default;
			};
			name = Release;
		};
		F4CBD3B116B8CE5F003A4794 /* Debug */ = {
			isa = XCBuildConfiguration;
			buildSettings = {
				AUTOMATION_APPLE_EVENTS = NO;
				CLANG_ENABLE_MODULES = YES;
				CODE_SIGN_ALLOW_ENTITLEMENTS_MODIFICATION = YES;
				CODE_SIGN_ENTITLEMENTS = captureplay/CapturePlay.entitlements;
				CODE_SIGN_IDENTITY = "Mac Developer";
				"CODE_SIGN_IDENTITY[sdk=macosx*]" = "Apple Development";
				COMBINE_HIDPI_IMAGES = YES;
				CURRENT_PROJECT_VERSION = 196;
				DEAD_CODE_STRIPPING = YES;
				ENABLE_APP_SANDBOX = YES;
				ENABLE_FILE_ACCESS_DOWNLOADS_FOLDER = readwrite;
				ENABLE_FILE_ACCESS_MOVIES_FOLDER = readwrite;
				ENABLE_FILE_ACCESS_MUSIC_FOLDER = readwrite;
				ENABLE_FILE_ACCESS_PICTURE_FOLDER = readwrite;
				ENABLE_HARDENED_RUNTIME = YES;
				ENABLE_INCOMING_NETWORK_CONNECTIONS = NO;
				ENABLE_OUTGOING_NETWORK_CONNECTIONS = YES;
				ENABLE_RESOURCE_ACCESS_AUDIO_INPUT = YES;
				ENABLE_RESOURCE_ACCESS_BLUETOOTH = NO;
				ENABLE_RESOURCE_ACCESS_CALENDARS = NO;
				ENABLE_RESOURCE_ACCESS_CAMERA = YES;
				ENABLE_RESOURCE_ACCESS_CONTACTS = NO;
				ENABLE_RESOURCE_ACCESS_LOCATION = NO;
				ENABLE_RESOURCE_ACCESS_PHOTO_LIBRARY = NO;
				ENABLE_RESOURCE_ACCESS_PRINTING = NO;
				ENABLE_RESOURCE_ACCESS_USB = YES;
				ENABLE_USER_SCRIPT_SANDBOXING = NO;
				ENABLE_USER_SELECTED_FILES = readwrite;
				GENERATE_INFOPLIST_FILE = NO;
				INFOPLIST_FILE = "captureplay/CapturePlay-Info.plist";
				INFOPLIST_KEY_LSApplicationCategoryType = "public.app-category.games";
				LD_RUNPATH_SEARCH_PATHS = (
					"$(inherited)",
					"@executable_path/../Frameworks",
				);
				MACOSX_DEPLOYMENT_TARGET = 14.6;
				MARKETING_VERSION = 3.6.0;
				PRODUCT_BUNDLE_IDENTIFIER = org.windholm.captureplay;
				PRODUCT_NAME = "${TARGET_NAME}";
				PROVISIONING_PROFILE = "";
				RUNTIME_EXCEPTION_ALLOW_DYLD_ENVIRONMENT_VARIABLES = NO;
				RUNTIME_EXCEPTION_ALLOW_JIT = NO;
				RUNTIME_EXCEPTION_ALLOW_UNSIGNED_EXECUTABLE_MEMORY = NO;
				RUNTIME_EXCEPTION_DEBUGGING_TOOL = NO;
				RUNTIME_EXCEPTION_DISABLE_EXECUTABLE_PAGE_PROTECTION = NO;
				RUNTIME_EXCEPTION_DISABLE_LIBRARY_VALIDATION = NO;
				SWIFT_INSTALL_OBJC_HEADER = NO;
				SWIFT_OBJC_BRIDGING_HEADER = "";
				SWIFT_OBJC_INTERFACE_HEADER_NAME = "";
				SWIFT_OPTIMIZATION_LEVEL = "-Onone";
				SWIFT_SWIFT3_OBJC_INFERENCE = On;
				SWIFT_VERSION = 5.0;
				VERSIONING_SYSTEM = "";
				WRAPPER_EXTENSION = app;
			};
			name = Debug;
		};
		F4CBD3B216B8CE5F003A4794 /* Release */ = {
			isa = XCBuildConfiguration;
			buildSettings = {
				AUTOMATION_APPLE_EVENTS = NO;
				CLANG_ENABLE_MODULES = YES;
				CODE_SIGN_ALLOW_ENTITLEMENTS_MODIFICATION = YES;
				CODE_SIGN_ENTITLEMENTS = captureplay/CapturePlay.entitlements;
				CODE_SIGN_IDENTITY = "Mac Developer";
				"CODE_SIGN_IDENTITY[sdk=macosx*]" = "Apple Development";
				COMBINE_HIDPI_IMAGES = YES;
				CURRENT_PROJECT_VERSION = 196;
				DEAD_CODE_STRIPPING = YES;
				ENABLE_APP_SANDBOX = YES;
				ENABLE_HARDENED_RUNTIME = YES;
				ENABLE_INCOMING_NETWORK_CONNECTIONS = NO;
				ENABLE_OUTGOING_NETWORK_CONNECTIONS = YES;
				ENABLE_RESOURCE_ACCESS_AUDIO_INPUT = YES;
				ENABLE_RESOURCE_ACCESS_BLUETOOTH = NO;
				ENABLE_RESOURCE_ACCESS_CALENDARS = NO;
				ENABLE_RESOURCE_ACCESS_CAMERA = YES;
				ENABLE_RESOURCE_ACCESS_CONTACTS = NO;
				ENABLE_RESOURCE_ACCESS_LOCATION = NO;
				ENABLE_RESOURCE_ACCESS_PHOTO_LIBRARY = NO;
				ENABLE_RESOURCE_ACCESS_PRINTING = NO;
				ENABLE_RESOURCE_ACCESS_USB = YES;
				ENABLE_USER_SCRIPT_SANDBOXING = NO;
				ENABLE_USER_SELECTED_FILES = readwrite;
				GENERATE_INFOPLIST_FILE = NO;
				INFOPLIST_FILE = "captureplay/CapturePlay-Info.plist";
				INFOPLIST_KEY_LSApplicationCategoryType = "public.app-category.games";
				LD_RUNPATH_SEARCH_PATHS = (
					"$(inherited)",
					"@executable_path/../Frameworks",
				);
				MACOSX_DEPLOYMENT_TARGET = 14.6;
				MARKETING_VERSION = 3.6.0;
				PRODUCT_BUNDLE_IDENTIFIER = org.windholm.captureplay;
				PRODUCT_NAME = "${TARGET_NAME}";
				PROVISIONING_PROFILE = "";
				RUNTIME_EXCEPTION_ALLOW_DYLD_ENVIRONMENT_VARIABLES = NO;
				RUNTIME_EXCEPTION_ALLOW_JIT = NO;
				RUNTIME_EXCEPTION_ALLOW_UNSIGNED_EXECUTABLE_MEMORY = NO;
				RUNTIME_EXCEPTION_DEBUGGING_TOOL = NO;
				RUNTIME_EXCEPTION_DISABLE_EXECUTABLE_PAGE_PROTECTION = NO;
				RUNTIME_EXCEPTION_DISABLE_LIBRARY_VALIDATION = NO;
				SWIFT_INSTALL_OBJC_HEADER = NO;
				SWIFT_OBJC_BRIDGING_HEADER = "";
				SWIFT_OBJC_INTERFACE_HEADER_NAME = "";
				SWIFT_SWIFT3_OBJC_INFERENCE = On;
				SWIFT_VERSION = 5.0;
				VERSIONING_SYSTEM = "";
				WRAPPER_EXTENSION = app;
			};
			name = Release;
		};
		F5C5C8D62EDE0ACB00AA6F80 /* Debug */ = {
			isa = XCBuildConfiguration;
			buildSettings = {
				ASSETCATALOG_COMPILER_GENERATE_SWIFT_ASSET_SYMBOL_EXTENSIONS = YES;
				BUNDLE_LOADER = "$(TEST_HOST)";
				CLANG_ANALYZER_NONNULL = YES;
				CLANG_ANALYZER_NUMBER_OBJECT_CONVERSION = YES_AGGRESSIVE;
				CLANG_CXX_LANGUAGE_STANDARD = "gnu++20";
				CLANG_ENABLE_MODULES = YES;
				CLANG_ENABLE_OBJC_WEAK = YES;
				CLANG_WARN_DIRECT_OBJC_ISA_USAGE = YES_ERROR;
				CLANG_WARN_DOCUMENTATION_COMMENTS = YES;
				CLANG_WARN_OBJC_ROOT_CLASS = YES_ERROR;
				CLANG_WARN_UNGUARDED_AVAILABILITY = YES_AGGRESSIVE;
				CODE_SIGN_STYLE = Automatic;
				CURRENT_PROJECT_VERSION = 1;
				DEBUG_INFORMATION_FORMAT = dwarf;
				DEVELOPMENT_TEAM = D6WY385Q4D;
				GCC_C_LANGUAGE_STANDARD = gnu17;
				GCC_WARN_ABOUT_RETURN_TYPE = YES_ERROR;
				GCC_WARN_UNINITIALIZED_AUTOS = YES_AGGRESSIVE;
				GENERATE_INFOPLIST_FILE = YES;
				LOCALIZATION_PREFERS_STRING_CATALOGS = YES;
				MACOSX_DEPLOYMENT_TARGET = 14.6;
				MARKETING_VERSION = 1.0;
				MTL_ENABLE_DEBUG_INFO = INCLUDE_SOURCE;
				MTL_FAST_MATH = YES;
				PRODUCT_BUNDLE_IDENTIFIER = org.windholm.CapturePlayTests;
				PRODUCT_NAME = "$(TARGET_NAME)";
				STRING_CATALOG_GENERATE_SYMBOLS = NO;
				SWIFT_ACTIVE_COMPILATION_CONDITIONS = "DEBUG $(inherited)";
				SWIFT_APPROACHABLE_CONCURRENCY = YES;
				SWIFT_EMIT_LOC_STRINGS = NO;
				SWIFT_OPTIMIZATION_LEVEL = "-Onone";
				SWIFT_UPCOMING_FEATURE_MEMBER_IMPORT_VISIBILITY = YES;
				SWIFT_VERSION = 5.0;
				TEST_HOST = "$(BUILT_PRODUCTS_DIR)/CapturePlay.app/$(BUNDLE_EXECUTABLE_FOLDER_PATH)/CapturePlay";
			};
			name = Debug;
		};
		F5C5C8D72EDE0ACB00AA6F80 /* Release */ = {
			isa = XCBuildConfiguration;
			buildSettings = {
				ASSETCATALOG_COMPILER_GENERATE_SWIFT_ASSET_SYMBOL_EXTENSIONS = YES;
				BUNDLE_LOADER = "$(TEST_HOST)";
				CLANG_ANALYZER_NONNULL = YES;
				CLANG_ANALYZER_NUMBER_OBJECT_CONVERSION = YES_AGGRESSIVE;
				CLANG_CXX_LANGUAGE_STANDARD = "gnu++20";
				CLANG_ENABLE_MODULES = YES;
				CLANG_ENABLE_OBJC_WEAK = YES;
				CLANG_WARN_DIRECT_OBJC_ISA_USAGE = YES_ERROR;
				CLANG_WARN_DOCUMENTATION_COMMENTS = YES;
				CLANG_WARN_OBJC_ROOT_CLASS = YES_ERROR;
				CLANG_WARN_UNGUARDED_AVAILABILITY = YES_AGGRESSIVE;
				CODE_SIGN_STYLE = Automatic;
				COPY_PHASE_STRIP = NO;
				CURRENT_PROJECT_VERSION = 1;
				DEVELOPMENT_TEAM = D6WY385Q4D;
				ENABLE_NS_ASSERTIONS = NO;
				GCC_C_LANGUAGE_STANDARD = gnu17;
				GCC_WARN_ABOUT_RETURN_TYPE = YES_ERROR;
				GCC_WARN_UNINITIALIZED_AUTOS = YES_AGGRESSIVE;
				GENERATE_INFOPLIST_FILE = YES;
				LOCALIZATION_PREFERS_STRING_CATALOGS = YES;
				MACOSX_DEPLOYMENT_TARGET = 14.6;
				MARKETING_VERSION = 1.0;
				MTL_ENABLE_DEBUG_INFO = NO;
				MTL_FAST_MATH = YES;
				PRODUCT_BUNDLE_IDENTIFIER = org.windholm.CapturePlayTests;
				PRODUCT_NAME = "$(TARGET_NAME)";
				STRING_CATALOG_GENERATE_SYMBOLS = NO;
				SWIFT_APPROACHABLE_CONCURRENCY = YES;
				SWIFT_EMIT_LOC_STRINGS = NO;
				SWIFT_UPCOMING_FEATURE_MEMBER_IMPORT_VISIBILITY = YES;
				SWIFT_VERSION = 5.0;
				TEST_HOST = "$(BUILT_PRODUCTS_DIR)/CapturePlay.app/$(BUNDLE_EXECUTABLE_FOLDER_PATH)/CapturePlay";
			};
			name = Release;
		};
/* End XCBuildConfiguration section */

/* Begin XCConfigurationList section */
		F4CBD38E16B8CE5F003A4794 /* Build configuration list for PBXProject "CapturePlay" */ = {
			isa = XCConfigurationList;
			buildConfigurations = (
				F4CBD3AE16B8CE5F003A4794 /* Debug */,
				F4CBD3AF16B8CE5F003A4794 /* Release */,
			);
			defaultConfigurationIsVisible = 0;
			defaultConfigurationName = Release;
		};
		F4CBD3B016B8CE5F003A4794 /* Build configuration list for PBXNativeTarget "CapturePlay" */ = {
			isa = XCConfigurationList;
			buildConfigurations = (
				F4CBD3B116B8CE5F003A4794 /* Debug */,
				F4CBD3B216B8CE5F003A4794 /* Release */,
			);
			defaultConfigurationIsVisible = 0;
			defaultConfigurationName = Release;
		};
		F5C5C8D82EDE0ACB00AA6F80 /* Build configuration list for PBXNativeTarget "CapturePlayTests" */ = {
			isa = XCConfigurationList;
			buildConfigurations = (
				F5C5C8D62EDE0ACB00AA6F80 /* Debug */,
				F5C5C8D72EDE0ACB00AA6F80 /* Release */,
			);
			defaultConfigurationIsVisible = 0;
			defaultConfigurationName = Release;
		};
/* End XCConfigurationList section */
	};
	rootObject = F4CBD38B16B8CE5F003A4794 /* Project object */;
}
